// !$*UTF8*$!
{
	archiveVersion = 1;
	classes = {
	};
	objectVersion = 50;
	objects = {

/* Begin PBXBuildFile section */
		09C700BF258D6C5D00D46363 /* AppDelegate.swift in Sources */ = {isa = PBXBuildFile; fileRef = 09C700BE258D6C5D00D46363 /* AppDelegate.swift */; };
		09C700C1258D6C5D00D46363 /* SceneDelegate.swift in Sources */ = {isa = PBXBuildFile; fileRef = 09C700C0258D6C5D00D46363 /* SceneDelegate.swift */; };
		09C700C3258D6C5D00D46363 /* ViewController.swift in Sources */ = {isa = PBXBuildFile; fileRef = 09C700C2258D6C5D00D46363 /* ViewController.swift */; };
		09C700C6258D6C5D00D46363 /* Main.storyboard in Resources */ = {isa = PBXBuildFile; fileRef = 09C700C4258D6C5D00D46363 /* Main.storyboard */; };
		09C700C8258D6C5E00D46363 /* Assets.xcassets in Resources */ = {isa = PBXBuildFile; fileRef = 09C700C7258D6C5E00D46363 /* Assets.xcassets */; };
		09C700CB258D6C5E00D46363 /* LaunchScreen.storyboard in Resources */ = {isa = PBXBuildFile; fileRef = 09C700C9258D6C5E00D46363 /* LaunchScreen.storyboard */; };
		09C700D6258D6C5E00D46363 /* AutoVolumeTests.swift in Sources */ = {isa = PBXBuildFile; fileRef = 09C700D5258D6C5E00D46363 /* AutoVolumeTests.swift */; };
		09C700E1258D6C5E00D46363 /* AutoVolumeUITests.swift in Sources */ = {isa = PBXBuildFile; fileRef = 09C700E0258D6C5E00D46363 /* AutoVolumeUITests.swift */; };
/* End PBXBuildFile section */

/* Begin PBXContainerItemProxy section */
		09C700D2258D6C5E00D46363 /* PBXContainerItemProxy */ = {
			isa = PBXContainerItemProxy;
			containerPortal = 09C700B3258D6C5C00D46363 /* Project object */;
			proxyType = 1;
			remoteGlobalIDString = 09C700BA258D6C5D00D46363;
			remoteInfo = AutoVolume;
		};
		09C700DD258D6C5E00D46363 /* PBXContainerItemProxy */ = {
			isa = PBXContainerItemProxy;
			containerPortal = 09C700B3258D6C5C00D46363 /* Project object */;
			proxyType = 1;
			remoteGlobalIDString = 09C700BA258D6C5D00D46363;
			remoteInfo = AutoVolume;
		};
/* End PBXContainerItemProxy section */

/* Begin PBXFileReference section */
		09C700BB258D6C5D00D46363 /* AutoVolume.app */ = {isa = PBXFileReference; explicitFileType = wrapper.application; includeInIndex = 0; path = AutoVolume.app; sourceTree = BUILT_PRODUCTS_DIR; };
		09C700BE258D6C5D00D46363 /* AppDelegate.swift */ = {isa = PBXFileReference; lastKnownFileType = sourcecode.swift; path = AppDelegate.swift; sourceTree = "<group>"; };
		09C700C0258D6C5D00D46363 /* SceneDelegate.swift */ = {isa = PBXFileReference; lastKnownFileType = sourcecode.swift; path = SceneDelegate.swift; sourceTree = "<group>"; };
		09C700C2258D6C5D00D46363 /* ViewController.swift */ = {isa = PBXFileReference; lastKnownFileType = sourcecode.swift; path = ViewController.swift; sourceTree = "<group>"; };
		09C700C5258D6C5D00D46363 /* Base */ = {isa = PBXFileReference; lastKnownFileType = file.storyboard; name = Base; path = Base.lproj/Main.storyboard; sourceTree = "<group>"; };
		09C700C7258D6C5E00D46363 /* Assets.xcassets */ = {isa = PBXFileReference; lastKnownFileType = folder.assetcatalog; path = Assets.xcassets; sourceTree = "<group>"; };
		09C700CA258D6C5E00D46363 /* Base */ = {isa = PBXFileReference; lastKnownFileType = file.storyboard; name = Base; path = Base.lproj/LaunchScreen.storyboard; sourceTree = "<group>"; };
		09C700CC258D6C5E00D46363 /* Info.plist */ = {isa = PBXFileReference; lastKnownFileType = text.plist.xml; path = Info.plist; sourceTree = "<group>"; };
		09C700D1258D6C5E00D46363 /* AutoVolumeTests.xctest */ = {isa = PBXFileReference; explicitFileType = wrapper.cfbundle; includeInIndex = 0; path = AutoVolumeTests.xctest; sourceTree = BUILT_PRODUCTS_DIR; };
		09C700D5258D6C5E00D46363 /* AutoVolumeTests.swift */ = {isa = PBXFileReference; lastKnownFileType = sourcecode.swift; path = AutoVolumeTests.swift; sourceTree = "<group>"; };
		09C700D7258D6C5E00D46363 /* Info.plist */ = {isa = PBXFileReference; lastKnownFileType = text.plist.xml; path = Info.plist; sourceTree = "<group>"; };
		09C700DC258D6C5E00D46363 /* AutoVolumeUITests.xctest */ = {isa = PBXFileReference; explicitFileType = wrapper.cfbundle; includeInIndex = 0; path = AutoVolumeUITests.xctest; sourceTree = BUILT_PRODUCTS_DIR; };
		09C700E0258D6C5E00D46363 /* AutoVolumeUITests.swift */ = {isa = PBXFileReference; lastKnownFileType = sourcecode.swift; path = AutoVolumeUITests.swift; sourceTree = "<group>"; };
		09C700E2258D6C5E00D46363 /* Info.plist */ = {isa = PBXFileReference; lastKnownFileType = text.plist.xml; path = Info.plist; sourceTree = "<group>"; };
/* End PBXFileReference section */

/* Begin PBXFrameworksBuildPhase section */
		09C700B8258D6C5D00D46363 /* Frameworks */ = {
			isa = PBXFrameworksBuildPhase;
			buildActionMask = 2147483647;
			files = (
			);
			runOnlyForDeploymentPostprocessing = 0;
		};
		09C700CE258D6C5E00D46363 /* Frameworks */ = {
			isa = PBXFrameworksBuildPhase;
			buildActionMask = 2147483647;
			files = (
			);
			runOnlyForDeploymentPostprocessing = 0;
		};
		09C700D9258D6C5E00D46363 /* Frameworks */ = {
			isa = PBXFrameworksBuildPhase;
			buildActionMask = 2147483647;
			files = (
			);
			runOnlyForDeploymentPostprocessing = 0;
		};
/* End PBXFrameworksBuildPhase section */

/* Begin PBXGroup section */
		09C700B2258D6C5C00D46363 = {
			isa = PBXGroup;
			children = (
				09C700BD258D6C5D00D46363 /* AutoVolume */,
				09C700D4258D6C5E00D46363 /* AutoVolumeTests */,
				09C700DF258D6C5E00D46363 /* AutoVolumeUITests */,
				09C700BC258D6C5D00D46363 /* Products */,
			);
			sourceTree = "<group>";
		};
		09C700BC258D6C5D00D46363 /* Products */ = {
			isa = PBXGroup;
			children = (
				09C700BB258D6C5D00D46363 /* AutoVolume.app */,
				09C700D1258D6C5E00D46363 /* AutoVolumeTests.xctest */,
				09C700DC258D6C5E00D46363 /* AutoVolumeUITests.xctest */,
			);
			name = Products;
			sourceTree = "<group>";
		};
		09C700BD258D6C5D00D46363 /* AutoVolume */ = {
			isa = PBXGroup;
			children = (
				09C700BE258D6C5D00D46363 /* AppDelegate.swift */,
				09C700C0258D6C5D00D46363 /* SceneDelegate.swift */,
				09C700C2258D6C5D00D46363 /* ViewController.swift */,
				09C700C4258D6C5D00D46363 /* Main.storyboard */,
				09C700C7258D6C5E00D46363 /* Assets.xcassets */,
				09C700C9258D6C5E00D46363 /* LaunchScreen.storyboard */,
				09C700CC258D6C5E00D46363 /* Info.plist */,
			);
			path = AutoVolume;
			sourceTree = "<group>";
		};
		09C700D4258D6C5E00D46363 /* AutoVolumeTests */ = {
			isa = PBXGroup;
			children = (
				09C700D5258D6C5E00D46363 /* AutoVolumeTests.swift */,
				09C700D7258D6C5E00D46363 /* Info.plist */,
			);
			path = AutoVolumeTests;
			sourceTree = "<group>";
		};
		09C700DF258D6C5E00D46363 /* AutoVolumeUITests */ = {
			isa = PBXGroup;
			children = (
				09C700E0258D6C5E00D46363 /* AutoVolumeUITests.swift */,
				09C700E2258D6C5E00D46363 /* Info.plist */,
			);
			path = AutoVolumeUITests;
			sourceTree = "<group>";
		};
/* End PBXGroup section */

/* Begin PBXNativeTarget section */
		09C700BA258D6C5D00D46363 /* AutoVolume */ = {
			isa = PBXNativeTarget;
			buildConfigurationList = 09C700E5258D6C5E00D46363 /* Build configuration list for PBXNativeTarget "AutoVolume" */;
			buildPhases = (
				09C700B7258D6C5D00D46363 /* Sources */,
				09C700B8258D6C5D00D46363 /* Frameworks */,
				09C700B9258D6C5D00D46363 /* Resources */,
			);
			buildRules = (
			);
			dependencies = (
			);
			name = AutoVolume;
			productName = AutoVolume;
			productReference = 09C700BB258D6C5D00D46363 /* AutoVolume.app */;
			productType = "com.apple.product-type.application";
		};
		09C700D0258D6C5E00D46363 /* AutoVolumeTests */ = {
			isa = PBXNativeTarget;
			buildConfigurationList = 09C700E8258D6C5E00D46363 /* Build configuration list for PBXNativeTarget "AutoVolumeTests" */;
			buildPhases = (
				09C700CD258D6C5E00D46363 /* Sources */,
				09C700CE258D6C5E00D46363 /* Frameworks */,
				09C700CF258D6C5E00D46363 /* Resources */,
			);
			buildRules = (
			);
			dependencies = (
				09C700D3258D6C5E00D46363 /* PBXTargetDependency */,
			);
			name = AutoVolumeTests;
			productName = AutoVolumeTests;
			productReference = 09C700D1258D6C5E00D46363 /* AutoVolumeTests.xctest */;
			productType = "com.apple.product-type.bundle.unit-test";
		};
		09C700DB258D6C5E00D46363 /* AutoVolumeUITests */ = {
			isa = PBXNativeTarget;
			buildConfigurationList = 09C700EB258D6C5E00D46363 /* Build configuration list for PBXNativeTarget "AutoVolumeUITests" */;
			buildPhases = (
				09C700D8258D6C5E00D46363 /* Sources */,
				09C700D9258D6C5E00D46363 /* Frameworks */,
				09C700DA258D6C5E00D46363 /* Resources */,
			);
			buildRules = (
			);
			dependencies = (
				09C700DE258D6C5E00D46363 /* PBXTargetDependency */,
			);
			name = AutoVolumeUITests;
			productName = AutoVolumeUITests;
			productReference = 09C700DC258D6C5E00D46363 /* AutoVolumeUITests.xctest */;
			productType = "com.apple.product-type.bundle.ui-testing";
		};
/* End PBXNativeTarget section */

/* Begin PBXProject section */
		09C700B3258D6C5C00D46363 /* Project object */ = {
			isa = PBXProject;
			attributes = {
				LastSwiftUpdateCheck = 1230;
				LastUpgradeCheck = 1230;
				TargetAttributes = {
					09C700BA258D6C5D00D46363 = {
						CreatedOnToolsVersion = 12.3;
					};
					09C700D0258D6C5E00D46363 = {
						CreatedOnToolsVersion = 12.3;
						TestTargetID = 09C700BA258D6C5D00D46363;
					};
					09C700DB258D6C5E00D46363 = {
						CreatedOnToolsVersion = 12.3;
						TestTargetID = 09C700BA258D6C5D00D46363;
					};
				};
			};
			buildConfigurationList = 09C700B6258D6C5C00D46363 /* Build configuration list for PBXProject "AutoVolume" */;
			compatibilityVersion = "Xcode 9.3";
			developmentRegion = en;
			hasScannedForEncodings = 0;
			knownRegions = (
				en,
				Base,
			);
			mainGroup = 09C700B2258D6C5C00D46363;
			productRefGroup = 09C700BC258D6C5D00D46363 /* Products */;
			projectDirPath = "";
			projectRoot = "";
			targets = (
				09C700BA258D6C5D00D46363 /* AutoVolume */,
				09C700D0258D6C5E00D46363 /* AutoVolumeTests */,
				09C700DB258D6C5E00D46363 /* AutoVolumeUITests */,
			);
		};
/* End PBXProject section */

/* Begin PBXResourcesBuildPhase section */
		09C700B9258D6C5D00D46363 /* Resources */ = {
			isa = PBXResourcesBuildPhase;
			buildActionMask = 2147483647;
			files = (
				09C700CB258D6C5E00D46363 /* LaunchScreen.storyboard in Resources */,
				09C700C8258D6C5E00D46363 /* Assets.xcassets in Resources */,
				09C700C6258D6C5D00D46363 /* Main.storyboard in Resources */,
			);
			runOnlyForDeploymentPostprocessing = 0;
		};
		09C700CF258D6C5E00D46363 /* Resources */ = {
			isa = PBXResourcesBuildPhase;
			buildActionMask = 2147483647;
			files = (
			);
			runOnlyForDeploymentPostprocessing = 0;
		};
		09C700DA258D6C5E00D46363 /* Resources */ = {
			isa = PBXResourcesBuildPhase;
			buildActionMask = 2147483647;
			files = (
			);
			runOnlyForDeploymentPostprocessing = 0;
		};
/* End PBXResourcesBuildPhase section */

/* Begin PBXSourcesBuildPhase section */
		09C700B7258D6C5D00D46363 /* Sources */ = {
			isa = PBXSourcesBuildPhase;
			buildActionMask = 2147483647;
			files = (
				09C700C3258D6C5D00D46363 /* ViewController.swift in Sources */,
				09C700BF258D6C5D00D46363 /* AppDelegate.swift in Sources */,
				09C700C1258D6C5D00D46363 /* SceneDelegate.swift in Sources */,
			);
			runOnlyForDeploymentPostprocessing = 0;
		};
		09C700CD258D6C5E00D46363 /* Sources */ = {
			isa = PBXSourcesBuildPhase;
			buildActionMask = 2147483647;
			files = (
				09C700D6258D6C5E00D46363 /* AutoVolumeTests.swift in Sources */,
			);
			runOnlyForDeploymentPostprocessing = 0;
		};
		09C700D8258D6C5E00D46363 /* Sources */ = {
			isa = PBXSourcesBuildPhase;
			buildActionMask = 2147483647;
			files = (
				09C700E1258D6C5E00D46363 /* AutoVolumeUITests.swift in Sources */,
			);
			runOnlyForDeploymentPostprocessing = 0;
		};
/* End PBXSourcesBuildPhase section */

/* Begin PBXTargetDependency section */
		09C700D3258D6C5E00D46363 /* PBXTargetDependency */ = {
			isa = PBXTargetDependency;
			target = 09C700BA258D6C5D00D46363 /* AutoVolume */;
			targetProxy = 09C700D2258D6C5E00D46363 /* PBXContainerItemProxy */;
		};
		09C700DE258D6C5E00D46363 /* PBXTargetDependency */ = {
			isa = PBXTargetDependency;
			target = 09C700BA258D6C5D00D46363 /* AutoVolume */;
			targetProxy = 09C700DD258D6C5E00D46363 /* PBXContainerItemProxy */;
		};
/* End PBXTargetDependency section */

/* Begin PBXVariantGroup section */
		09C700C4258D6C5D00D46363 /* Main.storyboard */ = {
			isa = PBXVariantGroup;
			children = (
				09C700C5258D6C5D00D46363 /* Base */,
			);
			name = Main.storyboard;
			sourceTree = "<group>";
		};
		09C700C9258D6C5E00D46363 /* LaunchScreen.storyboard */ = {
			isa = PBXVariantGroup;
			children = (
				09C700CA258D6C5E00D46363 /* Base */,
			);
			name = LaunchScreen.storyboard;
			sourceTree = "<group>";
		};
/* End PBXVariantGroup section */

/* Begin XCBuildConfiguration section */
		09C700E3258D6C5E00D46363 /* Debug */ = {
			isa = XCBuildConfiguration;
			buildSettings = {
				ALWAYS_SEARCH_USER_PATHS = NO;
				CLANG_ANALYZER_NONNULL = YES;
				CLANG_ANALYZER_NUMBER_OBJECT_CONVERSION = YES_AGGRESSIVE;
				CLANG_CXX_LANGUAGE_STANDARD = "gnu++14";
				CLANG_CXX_LIBRARY = "libc++";
				CLANG_ENABLE_MODULES = YES;
				CLANG_ENABLE_OBJC_ARC = YES;
				CLANG_ENABLE_OBJC_WEAK = YES;
				CLANG_WARN_BLOCK_CAPTURE_AUTORELEASING = YES;
				CLANG_WARN_BOOL_CONVERSION = YES;
				CLANG_WARN_COMMA = YES;
				CLANG_WARN_CONSTANT_CONVERSION = YES;
				CLANG_WARN_DEPRECATED_OBJC_IMPLEMENTATIONS = YES;
				CLANG_WARN_DIRECT_OBJC_ISA_USAGE = YES_ERROR;
				CLANG_WARN_DOCUMENTATION_COMMENTS = YES;
				CLANG_WARN_EMPTY_BODY = YES;
				CLANG_WARN_ENUM_CONVERSION = YES;
				CLANG_WARN_INFINITE_RECURSION = YES;
				CLANG_WARN_INT_CONVERSION = YES;
				CLANG_WARN_NON_LITERAL_NULL_CONVERSION = YES;
				CLANG_WARN_OBJC_IMPLICIT_RETAIN_SELF = YES;
				CLANG_WARN_OBJC_LITERAL_CONVERSION = YES;
				CLANG_WARN_OBJC_ROOT_CLASS = YES_ERROR;
				CLANG_WARN_QUOTED_INCLUDE_IN_FRAMEWORK_HEADER = YES;
				CLANG_WARN_RANGE_LOOP_ANALYSIS = YES;
				CLANG_WARN_STRICT_PROTOTYPES = YES;
				CLANG_WARN_SUSPICIOUS_MOVE = YES;
				CLANG_WARN_UNGUARDED_AVAILABILITY = YES_AGGRESSIVE;
				CLANG_WARN_UNREACHABLE_CODE = YES;
				CLANG_WARN__DUPLICATE_METHOD_MATCH = YES;
				COPY_PHASE_STRIP = NO;
				DEBUG_INFORMATION_FORMAT = dwarf;
				ENABLE_STRICT_OBJC_MSGSEND = YES;
				ENABLE_TESTABILITY = YES;
				GCC_C_LANGUAGE_STANDARD = gnu11;
				GCC_DYNAMIC_NO_PIC = NO;
				GCC_NO_COMMON_BLOCKS = YES;
				GCC_OPTIMIZATION_LEVEL = 0;
				GCC_PREPROCESSOR_DEFINITIONS = (
					"DEBUG=1",
					"$(inherited)",
				);
				GCC_WARN_64_TO_32_BIT_CONVERSION = YES;
				GCC_WARN_ABOUT_RETURN_TYPE = YES_ERROR;
				GCC_WARN_UNDECLARED_SELECTOR = YES;
				GCC_WARN_UNINITIALIZED_AUTOS = YES_AGGRESSIVE;
				GCC_WARN_UNUSED_FUNCTION = YES;
				GCC_WARN_UNUSED_VARIABLE = YES;
				IPHONEOS_DEPLOYMENT_TARGET = 14.3;
				MTL_ENABLE_DEBUG_INFO = INCLUDE_SOURCE;
				MTL_FAST_MATH = YES;
				ONLY_ACTIVE_ARCH = YES;
				SDKROOT = iphoneos;
				SWIFT_ACTIVE_COMPILATION_CONDITIONS = DEBUG;
				SWIFT_OPTIMIZATION_LEVEL = "-Onone";
			};
			name = Debug;
		};
		09C700E4258D6C5E00D46363 /* Release */ = {
			isa = XCBuildConfiguration;
			buildSettings = {
				ALWAYS_SEARCH_USER_PATHS = NO;
				CLANG_ANALYZER_NONNULL = YES;
				CLANG_ANALYZER_NUMBER_OBJECT_CONVERSION = YES_AGGRESSIVE;
				CLANG_CXX_LANGUAGE_STANDARD = "gnu++14";
				CLANG_CXX_LIBRARY = "libc++";
				CLANG_ENABLE_MODULES = YES;
				CLANG_ENABLE_OBJC_ARC = YES;
				CLANG_ENABLE_OBJC_WEAK = YES;
				CLANG_WARN_BLOCK_CAPTURE_AUTORELEASING = YES;
				CLANG_WARN_BOOL_CONVERSION = YES;
				CLANG_WARN_COMMA = YES;
				CLANG_WARN_CONSTANT_CONVERSION = YES;
				CLANG_WARN_DEPRECATED_OBJC_IMPLEMENTATIONS = YES;
				CLANG_WARN_DIRECT_OBJC_ISA_USAGE = YES_ERROR;
				CLANG_WARN_DOCUMENTATION_COMMENTS = YES;
				CLANG_WARN_EMPTY_BODY = YES;
				CLANG_WARN_ENUM_CONVERSION = YES;
				CLANG_WARN_INFINITE_RECURSION = YES;
				CLANG_WARN_INT_CONVERSION = YES;
				CLANG_WARN_NON_LITERAL_NULL_CONVERSION = YES;
				CLANG_WARN_OBJC_IMPLICIT_RETAIN_SELF = YES;
				CLANG_WARN_OBJC_LITERAL_CONVERSION = YES;
				CLANG_WARN_OBJC_ROOT_CLASS = YES_ERROR;
				CLANG_WARN_QUOTED_INCLUDE_IN_FRAMEWORK_HEADER = YES;
				CLANG_WARN_RANGE_LOOP_ANALYSIS = YES;
				CLANG_WARN_STRICT_PROTOTYPES = YES;
				CLANG_WARN_SUSPICIOUS_MOVE = YES;
				CLANG_WARN_UNGUARDED_AVAILABILITY = YES_AGGRESSIVE;
				CLANG_WARN_UNREACHABLE_CODE = YES;
				CLANG_WARN__DUPLICATE_METHOD_MATCH = YES;
				COPY_PHASE_STRIP = NO;
				DEBUG_INFORMATION_FORMAT = "dwarf-with-dsym";
				ENABLE_NS_ASSERTIONS = NO;
				ENABLE_STRICT_OBJC_MSGSEND = YES;
				GCC_C_LANGUAGE_STANDARD = gnu11;
				GCC_NO_COMMON_BLOCKS = YES;
				GCC_WARN_64_TO_32_BIT_CONVERSION = YES;
				GCC_WARN_ABOUT_RETURN_TYPE = YES_ERROR;
				GCC_WARN_UNDECLARED_SELECTOR = YES;
				GCC_WARN_UNINITIALIZED_AUTOS = YES_AGGRESSIVE;
				GCC_WARN_UNUSED_FUNCTION = YES;
				GCC_WARN_UNUSED_VARIABLE = YES;
				IPHONEOS_DEPLOYMENT_TARGET = 14.3;
				MTL_ENABLE_DEBUG_INFO = NO;
				MTL_FAST_MATH = YES;
				SDKROOT = iphoneos;
				SWIFT_COMPILATION_MODE = wholemodule;
				SWIFT_OPTIMIZATION_LEVEL = "-O";
				VALIDATE_PRODUCT = YES;
			};
			name = Release;
		};
		09C700E6258D6C5E00D46363 /* Debug */ = {
			isa = XCBuildConfiguration;
			buildSettings = {
				ASSETCATALOG_COMPILER_APPICON_NAME = AppIcon;
				ASSETCATALOG_COMPILER_GLOBAL_ACCENT_COLOR_NAME = AccentColor;
				CODE_SIGN_STYLE = Automatic;
				DEVELOPMENT_TEAM = 9KD2BDVC27;
				INFOPLIST_FILE = AutoVolume/Info.plist;
				LD_RUNPATH_SEARCH_PATHS = (
					"$(inherited)",
					"@executable_path/Frameworks",
				);
				PRODUCT_BUNDLE_IDENTIFIER = com.danielluo.AutoVolume;
				PRODUCT_NAME = "$(TARGET_NAME)";
				SWIFT_VERSION = 5.0;
				TARGETED_DEVICE_FAMILY = "1,2";
			};
			name = Debug;
		};
		09C700E7258D6C5E00D46363 /* Release */ = {
			isa = XCBuildConfiguration;
			buildSettings = {
				ASSETCATALOG_COMPILER_APPICON_NAME = AppIcon;
				ASSETCATALOG_COMPILER_GLOBAL_ACCENT_COLOR_NAME = AccentColor;
				CODE_SIGN_STYLE = Automatic;
				DEVELOPMENT_TEAM = 9KD2BDVC27;
				INFOPLIST_FILE = AutoVolume/Info.plist;
				LD_RUNPATH_SEARCH_PATHS = (
					"$(inherited)",
					"@executable_path/Frameworks",
				);
				PRODUCT_BUNDLE_IDENTIFIER = com.danielluo.AutoVolume;
				PRODUCT_NAME = "$(TARGET_NAME)";
				SWIFT_VERSION = 5.0;
				TARGETED_DEVICE_FAMILY = "1,2";
			};
			name = Release;
		};
		09C700E9258D6C5E00D46363 /* Debug */ = {
			isa = XCBuildConfiguration;
			buildSettings = {
				ALWAYS_EMBED_SWIFT_STANDARD_LIBRARIES = YES;
				BUNDLE_LOADER = "$(TEST_HOST)";
				CODE_SIGN_STYLE = Automatic;
				DEVELOPMENT_TEAM = 9KD2BDVC27;
				INFOPLIST_FILE = AutoVolumeTests/Info.plist;
				IPHONEOS_DEPLOYMENT_TARGET = 14.3;
				LD_RUNPATH_SEARCH_PATHS = (
					"$(inherited)",
					"@executable_path/Frameworks",
					"@loader_path/Frameworks",
				);
				PRODUCT_BUNDLE_IDENTIFIER = com.danielluo.AutoVolumeTests;
				PRODUCT_NAME = "$(TARGET_NAME)";
				SWIFT_VERSION = 5.0;
				TARGETED_DEVICE_FAMILY = "1,2";
				TEST_HOST = "$(BUILT_PRODUCTS_DIR)/AutoVolume.app/AutoVolume";
			};
			name = Debug;
		};
		09C700EA258D6C5E00D46363 /* Release */ = {
			isa = XCBuildConfiguration;
			buildSettings = {
				ALWAYS_EMBED_SWIFT_STANDARD_LIBRARIES = YES;
				BUNDLE_LOADER = "$(TEST_HOST)";
				CODE_SIGN_STYLE = Automatic;
				DEVELOPMENT_TEAM = 9KD2BDVC27;
				INFOPLIST_FILE = AutoVolumeTests/Info.plist;
				IPHONEOS_DEPLOYMENT_TARGET = 14.3;
				LD_RUNPATH_SEARCH_PATHS = (
					"$(inherited)",
					"@executable_path/Frameworks",
					"@loader_path/Frameworks",
				);
				PRODUCT_BUNDLE_IDENTIFIER = com.danielluo.AutoVolumeTests;
				PRODUCT_NAME = "$(TARGET_NAME)";
				SWIFT_VERSION = 5.0;
				TARGETED_DEVICE_FAMILY = "1,2";
				TEST_HOST = "$(BUILT_PRODUCTS_DIR)/AutoVolume.app/AutoVolume";
			};
			name = Release;
		};
		09C700EC258D6C5E00D46363 /* Debug */ = {
			isa = XCBuildConfiguration;
			buildSettings = {
				ALWAYS_EMBED_SWIFT_STANDARD_LIBRARIES = YES;
				CODE_SIGN_STYLE = Automatic;
				DEVELOPMENT_TEAM = 9KD2BDVC27;
				INFOPLIST_FILE = AutoVolumeUITests/Info.plist;
				LD_RUNPATH_SEARCH_PATHS = (
					"$(inherited)",
					"@executable_path/Frameworks",
					"@loader_path/Frameworks",
				);
				PRODUCT_BUNDLE_IDENTIFIER = com.danielluo.AutoVolumeUITests;
				PRODUCT_NAME = "$(TARGET_NAME)";
				SWIFT_VERSION = 5.0;
				TARGETED_DEVICE_FAMILY = "1,2";
				TEST_TARGET_NAME = AutoVolume;
			};
			name = Debug;
		};
		09C700ED258D6C5E00D46363 /* Release */ = {
			isa = XCBuildConfiguration;
			buildSettings = {
				ALWAYS_EMBED_SWIFT_STANDARD_LIBRARIES = YES;
				CODE_SIGN_STYLE = Automatic;
				DEVELOPMENT_TEAM = 9KD2BDVC27;
				INFOPLIST_FILE = AutoVolumeUITests/Info.plist;
				LD_RUNPATH_SEARCH_PATHS = (
					"$(inherited)",
					"@executable_path/Frameworks",
					"@loader_path/Frameworks",
				);
				PRODUCT_BUNDLE_IDENTIFIER = com.danielluo.AutoVolumeUITests;
				PRODUCT_NAME = "$(TARGET_NAME)";
				SWIFT_VERSION = 5.0;
				TARGETED_DEVICE_FAMILY = "1,2";
				TEST_TARGET_NAME = AutoVolume;
			};
			name = Release;
		};
/* End XCBuildConfiguration section */

/* Begin XCConfigurationList section */
		09C700B6258D6C5C00D46363 /* Build configuration list for PBXProject "AutoVolume" */ = {
			isa = XCConfigurationList;
			buildConfigurations = (
				09C700E3258D6C5E00D46363 /* Debug */,
				09C700E4258D6C5E00D46363 /* Release */,
			);
			defaultConfigurationIsVisible = 0;
			defaultConfigurationName = Release;
		};
		09C700E5258D6C5E00D46363 /* Build configuration list for PBXNativeTarget "AutoVolume" */ = {
			isa = XCConfigurationList;
			buildConfigurations = (
				09C700E6258D6C5E00D46363 /* Debug */,
				09C700E7258D6C5E00D46363 /* Release */,
			);
			defaultConfigurationIsVisible = 0;
			defaultConfigurationName = Release;
		};
		09C700E8258D6C5E00D46363 /* Build configuration list for PBXNativeTarget "AutoVolumeTests" */ = {
			isa = XCConfigurationList;
			buildConfigurations = (
				09C700E9258D6C5E00D46363 /* Debug */,
				09C700EA258D6C5E00D46363 /* Release */,
			);
			defaultConfigurationIsVisible = 0;
			defaultConfigurationName = Release;
		};
		09C700EB258D6C5E00D46363 /* Build configuration list for PBXNativeTarget "AutoVolumeUITests" */ = {
			isa = XCConfigurationList;
			buildConfigurations = (
				09C700EC258D6C5E00D46363 /* Debug */,
				09C700ED258D6C5E00D46363 /* Release */,
			);
			defaultConfigurationIsVisible = 0;
			defaultConfigurationName = Release;
		};
/* End XCConfigurationList section */
	};
	rootObject = 09C700B3258D6C5C00D46363 /* Project object */;
}
